{
  "name": "alice-about-2026",
  "lockfileVersion": 3,
  "requires": true,
  "packages": {
    "": {
      "name": "alice-about-2026",
      "dependencies": {
        "torph": "^0.1.0"
      }
    },
    "node_modules/torph": {
      "version": "0.1.0",
      "resolved": "https://registry.npmjs.org/torph/-/torph-0.1.0.tgz",
      "integrity": "sha512-2HxoKBIjydwsVilfP44Dawsc6Ou4iL00GgnCvs4raL+Oc8EfY1kKyAxm+wmPYtVRdgdUoSIWUeaaIShNadxQPQ==",
      "license": "MIT",
      "peerDependencies": {
        "react": ">=18",
        "react-dom": ">=18",
        "svelte": ">=5",
        "vue": ">=3"
      },
      "peerDependenciesMeta": {
        "react": {
          "optional": true
        },
        "react-dom": {
          "optional": true
        },
        "svelte": {
          "optional": true
        },
        "vue": {
          "optional": true
        }
      }
    }
  }
}
